
Microsoft Visual Studio Solution File, Format Version 12.00
# Visual Studio 14
VisualStudioVersion = 14.0.24720.0
MinimumVisualStudioVersion = 10.0.40219.1
Project("{FAE04EC0-301F-11D3-BF4B-00C04F79EFBC}") = "ApiWrapperGenerator", "ApiWrapperGenerator.csproj", "{977E0F36-2408-44CD-BEAA-134581B17878}"
EndProject
Project("{FAE04EC0-301F-11D3-BF4B-00C04F79EFBC}") = "TestLineConversion", "..\TestLineConversion\TestLineConversion.csproj", "{2E7AA44B-C636-4A1D-9C2A-26E4DEF6E84C}"
EndProject
Project("{FAE04EC0-301F-11D3-BF4B-00C04F79EFBC}") = "TestApiWrapperGenerator", "..\TestApiWrapperGenerator\TestApiWrapperGenerator.csproj", "{72AA8156-CC49-4877-B996-B157010F1AA5}"
EndProject
Global
	GlobalSection(SolutionConfigurationPlatforms) = preSolution
		Debug|Any CPU = Debug|Any CPU
		Release|Any CPU = Release|Any CPU
	EndGlobalSection
	GlobalSection(ProjectConfigurationPlatforms) = postSolution
		{977E0F36-2408-44CD-BEAA-134581B17878}.Debug|Any CPU.ActiveCfg = Debug|Any CPU
		{977E0F36-2408-44CD-BEAA-134581B17878}.Debug|Any CPU.Build.0 = Debug|Any CPU
		{977E0F36-2408-44CD-BEAA-134581B17878}.Release|Any CPU.ActiveCfg = Release|Any CPU
		{977E0F36-2408-44CD-BEAA-134581B17878}.Release|Any CPU.Build.0 = Release|Any CPU
		{2E7AA44B-C636-4A1D-9C2A-26E4DEF6E84C}.Debug|Any CPU.ActiveCfg = Debug|Any CPU
		{2E7AA44B-C636-4A1D-9C2A-26E4DEF6E84C}.Debug|Any CPU.Build.0 = Debug|Any CPU
		{2E7AA44B-C636-4A1D-9C2A-26E4DEF6E84C}.Release|Any CPU.ActiveCfg = Release|Any CPU
		{2E7AA44B-C636-4A1D-9C2A-26E4DEF6E84C}.Release|Any CPU.Build.0 = Release|Any CPU
		{72AA8156-CC49-4877-B996-B157010F1AA5}.Debug|Any CPU.ActiveCfg = Debug|Any CPU
		{72AA8156-CC49-4877-B996-B157010F1AA5}.Debug|Any CPU.Build.0 = Debug|Any CPU
		{72AA8156-CC49-4877-B996-B157010F1AA5}.Release|Any CPU.ActiveCfg = Release|Any CPU
		{72AA8156-CC49-4877-B996-B157010F1AA5}.Release|Any CPU.Build.0 = Release|Any CPU
	EndGlobalSection
	GlobalSection(SolutionProperties) = preSolution
		HideSolutionNode = FALSE
	EndGlobalSection
EndGlobal
