
Microsoft Visual Studio Solution File, Format Version 12.00
# Visual Studio Version 17
VisualStudioVersion = 17.1.32414.318
MinimumVisualStudioVersion = 10.0.40219.1
Project("{9A19103F-16F7-4668-BE54-9A1E7A4F7556}") = "ApiWrapperGenerator", "ApiWrapperGenerator.csproj", "{977E0F36-2408-44CD-BEAA-134581B17878}"
EndProject
Project("{9A19103F-16F7-4668-BE54-9A1E7A4F7556}") = "TestLineConversion", "..\TestLineConversion\TestLineConversion.csproj", "{2E7AA44B-C636-4A1D-9C2A-26E4DEF6E84C}"
EndProject
Project("{9A19103F-16F7-4668-BE54-9A1E7A4F7556}") = "TestApiWrapperGenerator", "..\TestApiWrapperGenerator\TestApiWrapperGenerator.csproj", "{72AA8156-CC49-4877-B996-B157010F1AA5}"
EndProject
Global
	GlobalSection(SolutionConfigurationPlatforms) = preSolution
		Debug|Any CPU = Debug|Any CPU
		Release|Any CPU = Release|Any CPU
	EndGlobalSection
	GlobalSection(ProjectConfigurationPlatforms) = postSolution
		{977E0F36-2408-44CD-BEAA-134581B17878}.Debug|Any CPU.ActiveCfg = Debug|Any CPU
		{977E0F36-2408-44CD-BEAA-134581B17878}.Debug|Any CPU.Build.0 = Debug|Any CPU
		{977E0F36-2408-44CD-BEAA-134581B17878}.Release|Any CPU.ActiveCfg = Release|Any CPU
		{977E0F36-2408-44CD-BEAA-134581B17878}.Release|Any CPU.Build.0 = Release|Any CPU
		{2E7AA44B-C636-4A1D-9C2A-26E4DEF6E84C}.Debug|Any CPU.ActiveCfg = Debug|Any CPU
		{2E7AA44B-C636-4A1D-9C2A-26E4DEF6E84C}.Debug|Any CPU.Build.0 = Debug|Any CPU
		{2E7AA44B-C636-4A1D-9C2A-26E4DEF6E84C}.Release|Any CPU.ActiveCfg = Release|Any CPU
		{2E7AA44B-C636-4A1D-9C2A-26E4DEF6E84C}.Release|Any CPU.Build.0 = Release|Any CPU
		{72AA8156-CC49-4877-B996-B157010F1AA5}.Debug|Any CPU.ActiveCfg = Debug|Any CPU
		{72AA8156-CC49-4877-B996-B157010F1AA5}.Debug|Any CPU.Build.0 = Debug|Any CPU
		{72AA8156-CC49-4877-B996-B157010F1AA5}.Release|Any CPU.ActiveCfg = Release|Any CPU
		{72AA8156-CC49-4877-B996-B157010F1AA5}.Release|Any CPU.Build.0 = Release|Any CPU
	EndGlobalSection
	GlobalSection(SolutionProperties) = preSolution
		HideSolutionNode = FALSE
	EndGlobalSection
	GlobalSection(ExtensibilityGlobals) = postSolution
		SolutionGuid = {AECDCD3C-32F3-4194-8A3F-2C0F75FB3BF4}
	EndGlobalSection
EndGlobal
